# This file is automatically @generated by Cargo.
# It is not intended for manual editing.
version = 4

[[package]]
name = "crossbeam-deque"
version = "0.8.7"
source = "registry+https://github.com/rust-lang/crates.io-index"
checksum = "5181e0de7b61eb03a81e347d6dd8797bae9da5146707b51077e2d71a54ec0ceb"
dependencies = [
 "crossbeam-epoch",
 "crossbeam-utils",
]

[[package]]
name = "crossbeam-epoch"
version = "0.9.20"
source = "registry+https://github.com/rust-lang/crates.io-index"
checksum = "2d6914041f254d6e9176c01941b21115dcfb7089e55135a35411081bd106ef3f"
dependencies = [
 "crossbeam-utils",
]

[[package]]
name = "crossbeam-utils"
version = "0.8.22"
source = "registry+https://github.com/rust-lang/crates.io-index"
checksum = "61803da095bee82a81bb1a452ecc25d3b2f1416d1897eb86430c6159ef717c17"

[[package]]
name = "libz-rs-sys"
version = "0.6.7"
source = "registry+https://github.com/rust-lang/crates.io-index"
checksum = "03dcace986b149f29509af6ca70e6182bccce916b644424ecf484faa8ddc899a"
dependencies = [
 "zlib-rs",
]

[[package]]
name = "rapidgzip-core"
version = "0.2.0"
source = "git+https://github.com/COMBINE-lab/rapidgzip-rust?tag=v0.2.0#f648e3bb2ba9cf72e32beb2dc48f96de1e747c27"
dependencies = [
 "crossbeam-deque",
 "libz-rs-sys",
]

[[package]]
name = "spike-nonseekable"
version = "0.0.0"
dependencies = [
 "rapidgzip-core",
]

[[package]]
name = "zlib-rs"
version = "0.6.7"
source = "registry+https://github.com/rust-lang/crates.io-index"
checksum = "34b31d188d9d685a4f9c7b46d6e36631b07058d2cfe190267adce54dc230bf12"
